
Microsoft Visual Studio Solution File, Format Version 12.00
# Visual Studio Version 16
VisualStudioVersion = 16.0.30225.117
MinimumVisualStudioVersion = 10.0.40219.1
Project("{FAE04EC0-301F-11D3-BF4B-00C04F79EFBC}") = "Homepage", "Homepage\Homepage.csproj", "{CC834D1E-F4E4-4893-992E-F6E164A6F551}"
EndProject
Global
	GlobalSection(SolutionConfigurationPlatforms) = preSolution
		Debug|Any CPU = Debug|Any CPU
		Release|Any CPU = Release|Any CPU
	EndGlobalSection
	GlobalSection(ProjectConfigurationPlatforms) = postSolution
		{CC834D1E-F4E4-4893-992E-F6E164A6F551}.Debug|Any CPU.ActiveCfg = Debug|Any CPU
		{CC834D1E-F4E4-4893-992E-F6E164A6F551}.Debug|Any CPU.Build.0 = Debug|Any CPU
		{CC834D1E-F4E4-4893-992E-F6E164A6F551}.Release|Any CPU.ActiveCfg = Release|Any CPU
		{CC834D1E-F4E4-4893-992E-F6E164A6F551}.Release|Any CPU.Build.0 = Release|Any CPU
	EndGlobalSection
	GlobalSection(SolutionProperties) = preSolution
		HideSolutionNode = FALSE
	EndGlobalSection
	GlobalSection(ExtensibilityGlobals) = postSolution
		SolutionGuid = {F33726A8-55CD-409F-A8DA-317A57F75226}
	EndGlobalSection
EndGlobal
